
Microsoft Visual Studio Solution File, Format Version 12.00
# Visual Studio Version 16
VisualStudioVersion = 16.0.30717.126
MinimumVisualStudioVersion = 10.0.40219.1
Project("{FAE04EC0-301F-11D3-BF4B-00C04F79EFBC}") = "UdpClientDemo", "UdpClientDemo\UdpClientDemo.csproj", "{21313938-C1C7-4594-9074-FA9882B02651}"
EndProject
Global
	GlobalSection(SolutionConfigurationPlatforms) = preSolution
		Debug|Any CPU = Debug|Any CPU
		Release|Any CPU = Release|Any CPU
	EndGlobalSection
	GlobalSection(ProjectConfigurationPlatforms) = postSolution
		{21313938-C1C7-4594-9074-FA9882B02651}.Debug|Any CPU.ActiveCfg = Debug|Any CPU
		{21313938-C1C7-4594-9074-FA9882B02651}.Debug|Any CPU.Build.0 = Debug|Any CPU
		{21313938-C1C7-4594-9074-FA9882B02651}.Release|Any CPU.ActiveCfg = Release|Any CPU
		{21313938-C1C7-4594-9074-FA9882B02651}.Release|Any CPU.Build.0 = Release|Any CPU
	EndGlobalSection
	GlobalSection(SolutionProperties) = preSolution
		HideSolutionNode = FALSE
	EndGlobalSection
	GlobalSection(ExtensibilityGlobals) = postSolution
		SolutionGuid = {7B23E734-F8D8-4EDD-8E27-F7748F4F144A}
	EndGlobalSection
EndGlobal
